version: 1
experts:
  DirectAnswer:
    source: experts
    path: experts/DirectAnswer/expert.md
    hash: 3a06001532f2ed552d369ab120f01767676f44333f3eccb2f2f8eb91825db3db
  ExtractRoute:
    source: experts
    path: experts/ExtractRoute/expert.md
    hash: fd53d762540bc93ea3494536b5daa7a69c6247d9f4f7a929f4b30ca32bf0eba3
  GroundedAnswer:
    source: experts
    path: experts/GroundedAnswer/expert.md
    hash: 5b6200a4d42146332e6df531a1b76b3da78514bfe5f32705b8f45e468e9528b4
  SearchRouter:
    source: experts
    path: experts/SearchRouter/expert.md
    hash: c3e735bf393ed050efb9310dcbf0724bab61ed9cfe8b94039418ff3d6619b873
  WebSearch:
    source: experts
    path: experts/WebSearch/expert.md
    hash: ceb653d63b61af31965cae3b5b72e44d86bf5750bb70bd6b35b5d5d79a3fda73
