version: 1
experts:
  Explainer:
    source: experts
    path: experts/Explainer/expert.md
    hash: fef27a15fac6172eb6153b0a570213c74d55745fd94f59884801e4f873c9ba48
  ExtractFeatures:
    source: experts
    path: experts/ExtractFeatures/expert.md
    hash: 2c766487a8d8fcf04f88fe9816b85bfa6be5d6d56bf31fea59beb146564fba53
  FeatureExtractor:
    source: experts
    path: experts/FeatureExtractor/expert.md
    hash: c9cd5521be9fd1f081cebc0279829f4f5b5c92631e05a991805f6fc666a67aab
  QualityScorer:
    source: experts
    path: experts/QualityScorer/expert.md
    hash: ed9351b385a221ac5f01512bbabdfcefeaca42ce8f61cfba367dd6ad10ab4773
