version: 2
experts:
  ExtractFeatures:
    source: project:///experts/ExtractFeatures/expert.md
    contentDigest: sha256:b9721bb5a499d8bfb7ffb73b0e6a08653dcd230a4787a743a256f7ae5fdd62ee
  LLMAnalyst:
    source: project:///experts/LLMAnalyst/expert.md
    contentDigest: sha256:a0cbf92d65f7c9283324fc2c5154c49d3efda27ed2252006e74814615b6978bc
  LLMInterpreter:
    source: project:///experts/LLMInterpreter/expert.md
    contentDigest: sha256:ee5eb91498becc59123d6ebd2ff362eeeb84ac0bb69826d00d5478e069649116
  Scorer:
    source: project:///experts/Scorer/expert.md
    contentDigest: sha256:a78284e4c9e04c02130e131fd932cc510dc0a2c48d39559d640b6129be5fd1fb
