version: 2
experts:
  Editor:
    source: project:///experts/Editor/expert.md
    contentDigest: sha256:d8816e4a6f3504173d4851ae8412073ad9027034a79652a570a39da1b79b1e30
  Planner:
    source: project:///experts/Planner/expert.md
    contentDigest: sha256:94b9b1817e69d4b6521e49b7a9238a3542d66d7e7d4ff58a84e7004583d68948
  Verifier:
    source: project:///experts/Verifier/expert.md
    contentDigest: sha256:0b6b3d5c1d1b6c34f03a02ff7403f7bc42d68c4376192e3cc9da7296137e8f25
