version: 1
sources:
- ./experts
experts:
  KubernetesArchitect:
    source: ./experts
    path: experts/KubernetesArchitect/expert.md
  PrincipalReviewer:
    source: ./experts
    path: experts/PrincipalReviewer/expert.md
  SecurityArchitect:
    source: ./experts
    path: experts/SecurityArchitect/expert.md
