version: 2
experts:
  ConstitutionalCritic:
    source: project:///experts/ConstitutionalCritic/expert.md
    contentDigest: sha256:de1277dd184548565628815f6d6ad42220cef60c98b0b2d1532da3c70f852240
  Drafter:
    source: project:///experts/Drafter/expert.md
    contentDigest: sha256:0b0586f2e55fb56fa77d09d9aaac0c0d901069168b5016c5b66ae92c662574c5
  Reviser:
    source: project:///experts/Reviser/expert.md
    contentDigest: sha256:b722600deb9e6fd4a3c99aba0b28745c83ecd8a4dff1d0943a33fd7a81a5ad72
