version: 1
experts:
  CodeAnalyser:
    source: experts
    path: experts/CodeAnalyser/expert.md
    hash: 21cb1ec24b0a94fbd644d5f992588869f2d03897cc2f2032aea7b48571bbe044
  CodeReviewer:
    source: experts
    path: experts/CodeReviewer/expert.md
    hash: 3e6beedb89d5beddccc6f441dc92a0ac38c7e4aa445f770ac4673f1d321f2cc6
  FindingsExtractor:
    source: experts
    path: experts/FindingsExtractor/expert.md
    hash: fabab74ad304a1849b50889e4edb716ec6a2e8695e7961146b6ff6290042d724
  MetricsExtractor:
    source: experts
    path: experts/MetricsExtractor/expert.md
    hash: a395fceebdb17c3f06755a02baf6f7cf6fa41a653425967b9fb272f4643c6925
  ReportWriter:
    source: experts
    path: experts/ReportWriter/expert.md
    hash: acf01f923ee2e55da91d2b6d0c6593965c08125f7c92025ff048d35fa784ceb2
