version: 1
sources:
- ./experts
experts:
  PitchCritic:
    source: ./experts
    path: experts/PitchCritic/expert.md
  PitchDrafter:
    source: ./experts
    path: experts/PitchDrafter/expert.md
  PitchJudge:
    source: ./experts
    path: experts/PitchJudge/expert.md
  PitchReviser:
    source: ./experts
    path: experts/PitchReviser/expert.md
