version: 1
experts:
  ContextOverloaded:
    source: experts
    path: experts/ContextOverloaded/expert.md
    hash: 185a8258b9560b93853c2a48901276b42b12bede547ec80aa40a5635e6a2f158
  QualityJudge:
    source: experts
    path: experts/QualityJudge/expert.md
    hash: 91d3061b283746db766d2bce682a2d1741a9dc349a99954c42701a80d0245d4d
