version: 1
experts:
  Answerer:
    source: experts
    path: experts/Answerer/expert.md
    hash: 64241caeccf36f4580dacb609e1681aa724cf29300ae38d6d1c33902ffbb743f
  Verifier:
    source: experts
    path: experts/Verifier/expert.md
    hash: 6a61e3e0e9c415e9475e155b358fa285dbbc5b3e5dcae4f2b59fef4e8683a8d2
