version: 1
experts:
  Approver:
    source: experts
    path: experts/Approver/expert.md
    hash: 1027242b340f1c88b145d7e1271029a9dcb97f3974901679f7c95cf2c637d9dd
  Implementer:
    source: experts
    path: experts/Implementer/expert.md
    hash: 1015cd275a3bfbe6378f8f9c7d1c713e2e7af63f3fc6386f54acd7c2c78f36dc
  Proposer:
    source: experts
    path: experts/Proposer/expert.md
    hash: d2ed70287d89c469a8c8d6cc1d0763024de9e1350d10a930b28b484bc570aa0c
