version: 1
experts:
  Approver:
    source: experts
    path: experts/Approver/expert.md
    hash: 1027242b340f1c88b145d7e1271029a9dcb97f3974901679f7c95cf2c637d9dd
  Implementer:
    source: experts
    path: experts/Implementer/expert.md
    hash: 6b1a6db95c6ef6f7085008cb054c2effff26754254cfb3892afb672ce158b67a
  Proposer:
    source: experts
    path: experts/Proposer/expert.md
    hash: f9bdaf827c2b0a701a7775cfede43c3844304b26456aacc11fa08e47029265e7
