<Solution>
  <Project Path="ForgeMission.Application/ForgeMission.Application.csproj" />
  <Project Path="ForgeMission.ClientRuntime/ForgeMission.ClientRuntime.csproj" />
  <Project Path="ForgeMission.Application.Host/ForgeMission.Application.Host.csproj" />
  <Project Path="ForgeMission.Application.Transport/ForgeMission.Application.Transport.csproj" />
  <Project Path="ForgeMission.Application.TransportProbe/ForgeMission.Application.TransportProbe.csproj" />
  <Project Path="ForgeMission.Presentation/ForgeMission.Presentation.csproj" />
  <Project Path="ForgeMission.Desktop/ForgeMission.Desktop.csproj" />
  <Project Path="ForgeMission.Desktop.Contracts/ForgeMission.Desktop.Contracts.csproj" />
  <Project Path="ForgeMission.Desktop.Host/ForgeMission.Desktop.Host.csproj" />
  <Project Path="ForgeMission.Desktop.Installer/ForgeMission.Desktop.Installer.wixproj" />
  <Project Path="ForgeMission.Desktop.Photino/ForgeMission.Desktop.Photino.csproj" />
  <Project Path="ForgeMission.Orchestration/ForgeMission.Orchestration.csproj" />
  <Project Path="ForgeMission.Tests/ForgeMission.Tests.csproj" />
</Solution>
