version: 1
experts:
  Answerer:
    source: experts
    path: experts/Answerer/expert.md
    hash: 5fb6208f251dc968a8cdfd6ab73d509e0b802bfbc58bd03ac4f3ead2b8392050
  Extract:
    source: experts
    path: experts/Extract/expert.md
    hash: f567ada127bf665cb661c6a0e4ee7c3e1a0dc543c8919b58c49ddc9fa5f730bd
  Verifier:
    source: experts
    path: experts/Verifier/expert.md
    hash: 4a5cb3d129caa40167549c1f76053c3e73a3c54b2df25d6f9dd8dbefa9a5788c
